
Microsoft Visual Studio Solution File, Format Version 12.00
# Visual Studio Version 16
VisualStudioVersion = 16.0.29806.167
MinimumVisualStudioVersion = 10.0.40219.1
Project("{FAE04EC0-301F-11D3-BF4B-00C04F79EFBC}") = "readCharacter", "readCharacter\readCharacter.csproj", "{5C96CC60-0DE8-4488-B10D-803ADA0D8FFA}"
EndProject
Global
	GlobalSection(SolutionConfigurationPlatforms) = preSolution
		Debug|Any CPU = Debug|Any CPU
		Release|Any CPU = Release|Any CPU
	EndGlobalSection
	GlobalSection(ProjectConfigurationPlatforms) = postSolution
		{5C96CC60-0DE8-4488-B10D-803ADA0D8FFA}.Debug|Any CPU.ActiveCfg = Debug|Any CPU
		{5C96CC60-0DE8-4488-B10D-803ADA0D8FFA}.Debug|Any CPU.Build.0 = Debug|Any CPU
		{5C96CC60-0DE8-4488-B10D-803ADA0D8FFA}.Release|Any CPU.ActiveCfg = Release|Any CPU
		{5C96CC60-0DE8-4488-B10D-803ADA0D8FFA}.Release|Any CPU.Build.0 = Release|Any CPU
	EndGlobalSection
	GlobalSection(SolutionProperties) = preSolution
		HideSolutionNode = FALSE
	EndGlobalSection
	GlobalSection(ExtensibilityGlobals) = postSolution
		SolutionGuid = {6A7BE66D-FAC0-4391-B2E0-D1FBCA87812A}
	EndGlobalSection
EndGlobal
